{
  "name": "rex-json",
  "version": "1.4.0",
  "lockfileVersion": 1,
  "requires": true,
  "dependencies": {
    "bs-platform-native": {
      "version": "0.0.12",
      "resolved": "https://registry.npmjs.org/bs-platform-native/-/bs-platform-native-0.0.12.tgz",
      "integrity": "sha512-YajHjJuVljA/UQGsjPChkosk9rZJcv9DxMZO+v1HGFgfxQaCszUL7QvEI/Lhg4W0vym4KFBZbW1KMdjzsX58EA==",
      "dev": true
    },
    "bsb-native": {
      "version": "5.0.3",
      "resolved": "https://registry.npmjs.org/bsb-native/-/bsb-native-5.0.3.tgz",
      "integrity": "sha512-DqEha+PLO2WngHXAP2swIEu6U3RYmQqFU2dCCa9N2tUetYgTKakVYQm41T1KC/5PVvuW1qmZHrDTqk1PUnK97Q==",
      "dev": true,
      "requires": {
        "bs-platform-native": "^0.0.6"
      },
      "dependencies": {
        "bs-platform-native": {
          "version": "0.0.6",
          "resolved": "https://registry.npmjs.org/bs-platform-native/-/bs-platform-native-0.0.6.tgz",
          "integrity": "sha512-k2o1HzRTgcAtIzwu/RkPKwTQmvROvc31kxJU4ELryr1vgiqaxp0Dx6iKwmM8v4fn7VurXUkLcffi/3rrASryDw==",
          "dev": true
        }
      }
    }
  }
}
